
Microsoft Visual Studio Solution File, Format Version 12.00
# Visual Studio Version 17
VisualStudioVersion = 17.6.33801.468
MinimumVisualStudioVersion = 10.0.40219.1
Project("{9A19103F-16F7-4668-BE54-9A1E7A4F7556}") = "Day01_Puzzle1", "Day01_Puzzle1\Day01_Puzzle1.csproj", "{08613FA9-9548-4AB6-B66A-827DFC8BEB15}"
EndProject
Project("{FAE04EC0-301F-11D3-BF4B-00C04F79EFBC}") = "Day02", "Day02\Day02.csproj", "{408C949C-05E4-4E44-A31D-C84E53346858}"
EndProject
Global
	GlobalSection(SolutionConfigurationPlatforms) = preSolution
		Debug|Any CPU = Debug|Any CPU
		Release|Any CPU = Release|Any CPU
	EndGlobalSection
	GlobalSection(ProjectConfigurationPlatforms) = postSolution
		{08613FA9-9548-4AB6-B66A-827DFC8BEB15}.Debug|Any CPU.ActiveCfg = Debug|Any CPU
		{08613FA9-9548-4AB6-B66A-827DFC8BEB15}.Debug|Any CPU.Build.0 = Debug|Any CPU
		{08613FA9-9548-4AB6-B66A-827DFC8BEB15}.Release|Any CPU.ActiveCfg = Release|Any CPU
		{08613FA9-9548-4AB6-B66A-827DFC8BEB15}.Release|Any CPU.Build.0 = Release|Any CPU
		{408C949C-05E4-4E44-A31D-C84E53346858}.Debug|Any CPU.ActiveCfg = Debug|Any CPU
		{408C949C-05E4-4E44-A31D-C84E53346858}.Debug|Any CPU.Build.0 = Debug|Any CPU
		{408C949C-05E4-4E44-A31D-C84E53346858}.Release|Any CPU.ActiveCfg = Release|Any CPU
		{408C949C-05E4-4E44-A31D-C84E53346858}.Release|Any CPU.Build.0 = Release|Any CPU
	EndGlobalSection
	GlobalSection(SolutionProperties) = preSolution
		HideSolutionNode = FALSE
	EndGlobalSection
	GlobalSection(ExtensibilityGlobals) = postSolution
		SolutionGuid = {158B2825-0E00-47F3-9671-BFAACBC85FFC}
	EndGlobalSection
EndGlobal
